<?xml version="1.0" encoding="utf-8"?>
<Project ToolsVersion="4.0" xmlns="http://schemas.microsoft.com/developer/msbuild/2003">
  <ItemGroup>
    <Filter Include="Source Files">
      <UniqueIdentifier>{3890473f-f89c-49e2-bfb1-5be937d9e82b}</UniqueIdentifier>
      <Extensions>cpp;c;cc;cxx;c++;cppm;ixx;def;odl;idl;hpj;bat;asm;asmx</Extensions>
    </Filter>
    <Filter Include="Header Files">
      <UniqueIdentifier>{f1409635-b298-4fe9-bb8b-91479c018891}</UniqueIdentifier>
      <Extensions>h;hh;hpp;hxx;h++;hm;inl;inc;ipp;xsd</Extensions>
    </Filter>
    <Filter Include="Resource Files">
      <UniqueIdentifier>{22622aa6-19a1-48c7-b5bf-9dc413d21578}</UniqueIdentifier>
      <Extensions>rc;ico;cur;bmp;dlg;rc2;rct;bin;rgs;gif;jpg;jpeg;jpe;resx;tiff;tif;png;wav;mfcribbon-ms</Extensions>
    </Filter>
  </ItemGroup>
  <ItemGroup>
    <ClInclude Include="pch.h">
      <Filter>Header Files</Filter>
    </ClInclude>
    <ClInclude Include="Fixtures\Monitors\BaseMonitor\base_sensor_monitor_test_fixture.h">
      <Filter>Header Files</Filter>
    </ClInclude>
    <ClInclude Include="Fixtures\Monitors\ThresholdMonitor\threshold_sensor_monitor_test_fixture.h">
      <Filter>Header Files</Filter>
    </ClInclude>
    <ClInclude Include="Fixtures\Monitors\CurveMonitor\curve_sensor_monitor_test_fixture.h">
      <Filter>Header Files</Filter>
    </ClInclude>
  </ItemGroup>
  <ItemGroup>
    <ClCompile Include="pch.cpp">
      <Filter>Source Files</Filter>
    </ClCompile>
    <ClCompile Include="Tests\threshold_sensor_monitor_test.cpp">
      <Filter>Source Files</Filter>
    </ClCompile>
    <ClCompile Include="Tests\curve_sensor_monitor_test.cpp">
      <Filter>Source Files</Filter>
    </ClCompile>
    <ClCompile Include="Fixtures\Monitors\BaseMonitor\base_sensor_monitor_test_fixture.cpp">
      <Filter>Source Files</Filter>
    </ClCompile>
    <ClCompile Include="Fixtures\Monitors\ThresholdMonitor\threshold_sensor_monitor_test_fixture.cpp">
      <Filter>Source Files</Filter>
    </ClCompile>
    <ClCompile Include="Fixtures\Monitors\CurveMonitor\curve_sensor_monitor_test_fixture.cpp">
      <Filter>Source Files</Filter>
    </ClCompile>
  </ItemGroup>
  <ItemGroup>
    <None Include="packages.config" />
  </ItemGroup>
</Project>